
Microsoft Visual Studio Solution File, Format Version 12.00
# Visual Studio Version 17
VisualStudioVersion = 17.3.32929.385
MinimumVisualStudioVersion = 10.0.40219.1
Project("{FAE04EC0-301F-11D3-BF4B-00C04F79EFBC}") = "06_LSP_ATSILAH_19", "06_LSP_ATSILAH_19.csproj", "{A1F27A74-E664-4170-B40D-DD0970D68D95}"
EndProject
Global
	GlobalSection(SolutionConfigurationPlatforms) = preSolution
		Debug|Any CPU = Debug|Any CPU
		Release|Any CPU = Release|Any CPU
	EndGlobalSection
	GlobalSection(ProjectConfigurationPlatforms) = postSolution
		{A1F27A74-E664-4170-B40D-DD0970D68D95}.Debug|Any CPU.ActiveCfg = Debug|Any CPU
		{A1F27A74-E664-4170-B40D-DD0970D68D95}.Debug|Any CPU.Build.0 = Debug|Any CPU
		{A1F27A74-E664-4170-B40D-DD0970D68D95}.Release|Any CPU.ActiveCfg = Release|Any CPU
		{A1F27A74-E664-4170-B40D-DD0970D68D95}.Release|Any CPU.Build.0 = Release|Any CPU
	EndGlobalSection
	GlobalSection(SolutionProperties) = preSolution
		HideSolutionNode = FALSE
	EndGlobalSection
	GlobalSection(ExtensibilityGlobals) = postSolution
		SolutionGuid = {ECBF3DC5-19EA-4ECB-8917-622F9F1937AC}
	EndGlobalSection
EndGlobal
